// !$*UTF8*$!
{
	archiveVersion = 1;
	classes = {
	};
	objectVersion = 48;
	objects = {

/* Begin PBXBuildFile section */
		0507B7711FBF45D600229A89 /* main.cpp in Sources */ = {isa = PBXBuildFile; fileRef = 0507B7701FBF45D600229A89 /* main.cpp */; };
		847956211FD9949900D599A2 /* soccer_player.cpp in Sources */ = {isa = PBXBuildFile; fileRef = 847956201FD9949900D599A2 /* soccer_player.cpp */; };
		847956241FD994C100D599A2 /* list.cpp in Sources */ = {isa = PBXBuildFile; fileRef = 847956231FD994C100D599A2 /* list.cpp */; };
		847956271FD9952900D599A2 /* player_data.cpp in Sources */ = {isa = PBXBuildFile; fileRef = 847956261FD9952900D599A2 /* player_data.cpp */; };
/* End PBXBuildFile section */

/* Begin PBXCopyFilesBuildPhase section */
		0507B76B1FBF45D600229A89 /* CopyFiles */ = {
			isa = PBXCopyFilesBuildPhase;
			buildActionMask = 2147483647;
			dstPath = /usr/share/man/man1/;
			dstSubfolderSpec = 0;
			files = (
			);
			runOnlyForDeploymentPostprocessing = 1;
		};
/* End PBXCopyFilesBuildPhase section */

/* Begin PBXFileReference section */
		0507B76D1FBF45D600229A89 /* Soccer League */ = {isa = PBXFileReference; explicitFileType = "compiled.mach-o.executable"; includeInIndex = 0; path = "Soccer League"; sourceTree = BUILT_PRODUCTS_DIR; };
		0507B7701FBF45D600229A89 /* main.cpp */ = {isa = PBXFileReference; lastKnownFileType = sourcecode.cpp.cpp; path = main.cpp; sourceTree = "<group>"; };
		8479561F1FD9947800D599A2 /* soccer_player.h */ = {isa = PBXFileReference; lastKnownFileType = sourcecode.c.h; path = soccer_player.h; sourceTree = "<group>"; };
		847956201FD9949900D599A2 /* soccer_player.cpp */ = {isa = PBXFileReference; lastKnownFileType = sourcecode.cpp.cpp; path = soccer_player.cpp; sourceTree = "<group>"; };
		847956221FD994B000D599A2 /* list.h */ = {isa = PBXFileReference; lastKnownFileType = sourcecode.c.h; path = list.h; sourceTree = "<group>"; };
		847956231FD994C100D599A2 /* list.cpp */ = {isa = PBXFileReference; lastKnownFileType = sourcecode.cpp.cpp; path = list.cpp; sourceTree = "<group>"; };
		847956251FD9951500D599A2 /* player_data.h */ = {isa = PBXFileReference; lastKnownFileType = sourcecode.c.h; path = player_data.h; sourceTree = "<group>"; };
		847956261FD9952900D599A2 /* player_data.cpp */ = {isa = PBXFileReference; lastKnownFileType = sourcecode.cpp.cpp; path = player_data.cpp; sourceTree = "<group>"; };
/* End PBXFileReference section */

/* Begin PBXFrameworksBuildPhase section */
		0507B76A1FBF45D600229A89 /* Frameworks */ = {
			isa = PBXFrameworksBuildPhase;
			buildActionMask = 2147483647;
			files = (
			);
			runOnlyForDeploymentPostprocessing = 0;
		};
/* End PBXFrameworksBuildPhase section */

/* Begin PBXGroup section */
		0507B7641FBF45D600229A89 = {
			isa = PBXGroup;
			children = (
				0507B76F1FBF45D600229A89 /* Soccer League */,
				0507B76E1FBF45D600229A89 /* Products */,
			);
			sourceTree = "<group>";
		};
		0507B76E1FBF45D600229A89 /* Products */ = {
			isa = PBXGroup;
			children = (
				0507B76D1FBF45D600229A89 /* Soccer League */,
			);
			name = Products;
			sourceTree = "<group>";
		};
		0507B76F1FBF45D600229A89 /* Soccer League */ = {
			isa = PBXGroup;
			children = (
				0507B7701FBF45D600229A89 /* main.cpp */,
				847956221FD994B000D599A2 /* list.h */,
				847956231FD994C100D599A2 /* list.cpp */,
				8479561F1FD9947800D599A2 /* soccer_player.h */,
				847956201FD9949900D599A2 /* soccer_player.cpp */,
				847956251FD9951500D599A2 /* player_data.h */,
				847956261FD9952900D599A2 /* player_data.cpp */,
			);
			path = "Soccer League";
			sourceTree = "<group>";
		};
/* End PBXGroup section */

/* Begin PBXNativeTarget section */
		0507B76C1FBF45D600229A89 /* Soccer League */ = {
			isa = PBXNativeTarget;
			buildConfigurationList = 0507B7741FBF45D600229A89 /* Build configuration list for PBXNativeTarget "Soccer League" */;
			buildPhases = (
				0507B7691FBF45D600229A89 /* Sources */,
				0507B76A1FBF45D600229A89 /* Frameworks */,
				0507B76B1FBF45D600229A89 /* CopyFiles */,
			);
			buildRules = (
			);
			dependencies = (
			);
			name = "Soccer League";
			productName = "Soccer League";
			productReference = 0507B76D1FBF45D600229A89 /* Soccer League */;
			productType = "com.apple.product-type.tool";
		};
/* End PBXNativeTarget section */

/* Begin PBXProject section */
		0507B7651FBF45D600229A89 /* Project object */ = {
			isa = PBXProject;
			attributes = {
				LastUpgradeCheck = 0910;
				ORGANIZATIONNAME = "Holden Perkins";
				TargetAttributes = {
					0507B76C1FBF45D600229A89 = {
						CreatedOnToolsVersion = 9.1;
						ProvisioningStyle = Automatic;
					};
				};
			};
			buildConfigurationList = 0507B7681FBF45D600229A89 /* Build configuration list for PBXProject "Soccer League" */;
			compatibilityVersion = "Xcode 8.0";
			developmentRegion = en;
			hasScannedForEncodings = 0;
			knownRegions = (
				en,
			);
			mainGroup = 0507B7641FBF45D600229A89;
			productRefGroup = 0507B76E1FBF45D600229A89 /* Products */;
			projectDirPath = "";
			projectRoot = "";
			targets = (
				0507B76C1FBF45D600229A89 /* Soccer League */,
			);
		};
/* End PBXProject section */

/* Begin PBXSourcesBuildPhase section */
		0507B7691FBF45D600229A89 /* Sources */ = {
			isa = PBXSourcesBuildPhase;
			buildActionMask = 2147483647;
			files = (
				0507B7711FBF45D600229A89 /* main.cpp in Sources */,
				847956211FD9949900D599A2 /* soccer_player.cpp in Sources */,
				847956271FD9952900D599A2 /* player_data.cpp in Sources */,
				847956241FD994C100D599A2 /* list.cpp in Sources */,
			);
			runOnlyForDeploymentPostprocessing = 0;
		};
/* End PBXSourcesBuildPhase section */

/* Begin XCBuildConfiguration section */
		0507B7721FBF45D600229A89 /* Debug */ = {
			isa = XCBuildConfiguration;
			buildSettings = {
				ALWAYS_SEARCH_USER_PATHS = NO;
				CLANG_ANALYZER_NONNULL = YES;
				CLANG_ANALYZER_NUMBER_OBJECT_CONVERSION = YES_AGGRESSIVE;
				CLANG_CXX_LANGUAGE_STANDARD = "gnu++14";
				CLANG_CXX_LIBRARY = "libc++";
				CLANG_ENABLE_MODULES = YES;
				CLANG_ENABLE_OBJC_ARC = YES;
				CLANG_WARN_BLOCK_CAPTURE_AUTORELEASING = YES;
				CLANG_WARN_BOOL_CONVERSION = YES;
				CLANG_WARN_COMMA = YES;
				CLANG_WARN_CONSTANT_CONVERSION = YES;
				CLANG_WARN_DIRECT_OBJC_ISA_USAGE = YES_ERROR;
				CLANG_WARN_DOCUMENTATION_COMMENTS = YES;
				CLANG_WARN_EMPTY_BODY = YES;
				CLANG_WARN_ENUM_CONVERSION = YES;
				CLANG_WARN_INFINITE_RECURSION = YES;
				CLANG_WARN_INT_CONVERSION = YES;
				CLANG_WARN_NON_LITERAL_NULL_CONVERSION = YES;
				CLANG_WARN_OBJC_LITERAL_CONVERSION = YES;
				CLANG_WARN_OBJC_ROOT_CLASS = YES_ERROR;
				CLANG_WARN_RANGE_LOOP_ANALYSIS = YES;
				CLANG_WARN_STRICT_PROTOTYPES = YES;
				CLANG_WARN_SUSPICIOUS_MOVE = YES;
				CLANG_WARN_UNGUARDED_AVAILABILITY = YES_AGGRESSIVE;
				CLANG_WARN_UNREACHABLE_CODE = YES;
				CLANG_WARN__DUPLICATE_METHOD_MATCH = YES;
				CODE_SIGN_IDENTITY = "Mac Developer";
				COPY_PHASE_STRIP = NO;
				DEBUG_INFORMATION_FORMAT = dwarf;
				ENABLE_STRICT_OBJC_MSGSEND = YES;
				ENABLE_TESTABILITY = YES;
				GCC_C_LANGUAGE_STANDARD = gnu11;
				GCC_DYNAMIC_NO_PIC = NO;
				GCC_NO_COMMON_BLOCKS = YES;
				GCC_OPTIMIZATION_LEVEL = 0;
				GCC_PREPROCESSOR_DEFINITIONS = (
					"DEBUG=1",
					"$(inherited)",
				);
				GCC_WARN_64_TO_32_BIT_CONVERSION = YES;
				GCC_WARN_ABOUT_RETURN_TYPE = YES_ERROR;
				GCC_WARN_UNDECLARED_SELECTOR = YES;
				GCC_WARN_UNINITIALIZED_AUTOS = YES_AGGRESSIVE;
				GCC_WARN_UNUSED_FUNCTION = YES;
				GCC_WARN_UNUSED_VARIABLE = YES;
				MACOSX_DEPLOYMENT_TARGET = 10.12;
				MTL_ENABLE_DEBUG_INFO = YES;
				ONLY_ACTIVE_ARCH = YES;
				SDKROOT = macosx;
			};
			name = Debug;
		};
		0507B7731FBF45D600229A89 /* Release */ = {
			isa = XCBuildConfiguration;
			buildSettings = {
				ALWAYS_SEARCH_USER_PATHS = NO;
				CLANG_ANALYZER_NONNULL = YES;
				CLANG_ANALYZER_NUMBER_OBJECT_CONVERSION = YES_AGGRESSIVE;
				CLANG_CXX_LANGUAGE_STANDARD = "gnu++14";
				CLANG_CXX_LIBRARY = "libc++";
				CLANG_ENABLE_MODULES = YES;
				CLANG_ENABLE_OBJC_ARC = YES;
				CLANG_WARN_BLOCK_CAPTURE_AUTORELEASING = YES;
				CLANG_WARN_BOOL_CONVERSION = YES;
				CLANG_WARN_COMMA = YES;
				CLANG_WARN_CONSTANT_CONVERSION = YES;
				CLANG_WARN_DIRECT_OBJC_ISA_USAGE = YES_ERROR;
				CLANG_WARN_DOCUMENTATION_COMMENTS = YES;
				CLANG_WARN_EMPTY_BODY = YES;
				CLANG_WARN_ENUM_CONVERSION = YES;
				CLANG_WARN_INFINITE_RECURSION = YES;
				CLANG_WARN_INT_CONVERSION = YES;
				CLANG_WARN_NON_LITERAL_NULL_CONVERSION = YES;
				CLANG_WARN_OBJC_LITERAL_CONVERSION = YES;
				CLANG_WARN_OBJC_ROOT_CLASS = YES_ERROR;
				CLANG_WARN_RANGE_LOOP_ANALYSIS = YES;
				CLANG_WARN_STRICT_PROTOTYPES = YES;
				CLANG_WARN_SUSPICIOUS_MOVE = YES;
				CLANG_WARN_UNGUARDED_AVAILABILITY = YES_AGGRESSIVE;
				CLANG_WARN_UNREACHABLE_CODE = YES;
				CLANG_WARN__DUPLICATE_METHOD_MATCH = YES;
				CODE_SIGN_IDENTITY = "Mac Developer";
				COPY_PHASE_STRIP = NO;
				DEBUG_INFORMATION_FORMAT = "dwarf-with-dsym";
				ENABLE_NS_ASSERTIONS = NO;
				ENABLE_STRICT_OBJC_MSGSEND = YES;
				GCC_C_LANGUAGE_STANDARD = gnu11;
				GCC_NO_COMMON_BLOCKS = YES;
				GCC_WARN_64_TO_32_BIT_CONVERSION = YES;
				GCC_WARN_ABOUT_RETURN_TYPE = YES_ERROR;
				GCC_WARN_UNDECLARED_SELECTOR = YES;
				GCC_WARN_UNINITIALIZED_AUTOS = YES_AGGRESSIVE;
				GCC_WARN_UNUSED_FUNCTION = YES;
				GCC_WARN_UNUSED_VARIABLE = YES;
				MACOSX_DEPLOYMENT_TARGET = 10.12;
				MTL_ENABLE_DEBUG_INFO = NO;
				SDKROOT = macosx;
			};
			name = Release;
		};
		0507B7751FBF45D600229A89 /* Debug */ = {
			isa = XCBuildConfiguration;
			buildSettings = {
				CODE_SIGN_STYLE = Automatic;
				DEVELOPMENT_TEAM = LX7R8XVZ7W;
				PRODUCT_NAME = "$(TARGET_NAME)";
			};
			name = Debug;
		};
		0507B7761FBF45D600229A89 /* Release */ = {
			isa = XCBuildConfiguration;
			buildSettings = {
				CODE_SIGN_STYLE = Automatic;
				DEVELOPMENT_TEAM = LX7R8XVZ7W;
				PRODUCT_NAME = "$(TARGET_NAME)";
			};
			name = Release;
		};
/* End XCBuildConfiguration section */

/* Begin XCConfigurationList section */
		0507B7681FBF45D600229A89 /* Build configuration list for PBXProject "Soccer League" */ = {
			isa = XCConfigurationList;
			buildConfigurations = (
				0507B7721FBF45D600229A89 /* Debug */,
				0507B7731FBF45D600229A89 /* Release */,
			);
			defaultConfigurationIsVisible = 0;
			defaultConfigurationName = Release;
		};
		0507B7741FBF45D600229A89 /* Build configuration list for PBXNativeTarget "Soccer League" */ = {
			isa = XCConfigurationList;
			buildConfigurations = (
				0507B7751FBF45D600229A89 /* Debug */,
				0507B7761FBF45D600229A89 /* Release */,
			);
			defaultConfigurationIsVisible = 0;
			defaultConfigurationName = Release;
		};
/* End XCConfigurationList section */
	};
	rootObject = 0507B7651FBF45D600229A89 /* Project object */;
}
